{
  "lockfileVersion": 1,
  "configVersion": 0,
  "workspaces": {
    "": {
      "name": "vite-vue3",
      "dependencies": {
        "core-js": "^3.23.0",
        "lodash": "^4.17.21",
        "mdb-vue-ui-kit": "^3.0.0",
        "pinia": "^2.0.19",
        "vue": "^3.2.28",
        "vue-router": "^4.1.5",
      },
      "devDependencies": {
        "@vitejs/plugin-vue": "^3.0.0",
        "unplugin-vue-components": "^0.22.0",
        "vite": "^3.0.8",
      },
    },
  },
  "packages": {
    "@antfu/utils": ["@antfu/utils@0.5.2", "", {}, "sha512-CQkeV+oJxUazwjlHD0/3ZD08QWKuGQkhnrKo3e6ly5pd48VUpXbb77q0xMU4+vc2CkJnDS02Eq/M9ugyX20XZA=="],

    "@babel/parser": ["@babel/parser@7.19.0", "", { "bin": { "parser": "bin/babel-parser.js" } }, "sha512-74bEXKX2h+8rrfQUfsBfuZZHzsEs6Eql4pqy/T4Nn6Y9wNPggQOqD6z6pn5Bl8ZfysKouFZT/UXEH94ummEeQw=="],

    "@esbuild/linux-loong64": ["@esbuild/linux-loong64@0.15.7", "", { "os": "linux", "cpu": "none" }, "sha512-IKznSJOsVUuyt7cDzzSZyqBEcZe+7WlBqTVXiF1OXP/4Nm387ToaXZ0fyLwI1iBlI/bzpxVq411QE2/Bt2XWWw=="],

    "@nodelib/fs.scandir": ["@nodelib/fs.scandir@2.1.5", "", { "dependencies": { "@nodelib/fs.stat": "2.0.5", "run-parallel": "^1.1.9" } }, "sha512-vq24Bq3ym5HEQm2NKCr3yXDwjc7vTsEThRDnkp2DK9p1uqLR+DHurm/NOTo0KG7HYHU7eppKZj3MyqYuMBf62g=="],

    "@nodelib/fs.stat": ["@nodelib/fs.stat@2.0.5", "", {}, "sha512-RkhPPp2zrqDAQA/2jNhnztcPAlv64XdhIp7a7454A5ovI7Bukxgt7MX7udwAu3zg1DcpPU0rz3VV1SeaqvY4+A=="],

    "@nodelib/fs.walk": ["@nodelib/fs.walk@1.2.8", "", { "dependencies": { "@nodelib/fs.scandir": "2.1.5", "fastq": "^1.6.0" } }, "sha512-oGB+UxlgWcgQkgwo8GcEGwemoTFt3FIO9ababBmaGwXIoBKZ+GTy0pP185beGg7Llih/NSHSV2XAs1lnznocSg=="],

    "@rollup/pluginutils": ["@rollup/pluginutils@4.2.1", "", { "dependencies": { "estree-walker": "^2.0.1", "picomatch": "^2.2.2" } }, "sha512-iKnFXr7NkdZAIHiIWE+BX5ULi/ucVFYWD6TbAV+rZctiRTY2PL6tsIKhoIOaoskiWAkgu+VsbXgUVDNLHf+InQ=="],

    "@vitejs/plugin-vue": ["@vitejs/plugin-vue@3.1.0", "", { "peerDependencies": { "vite": "^3.0.0", "vue": "^3.2.25" } }, "sha512-fmxtHPjSOEIRg6vHYDaem+97iwCUg/uSIaTzp98lhELt2ISOQuDo2hbkBdXod0g15IhfPMQmAxh4heUks2zvDA=="],

    "@vue/compiler-core": ["@vue/compiler-core@3.2.38", "", { "dependencies": { "@babel/parser": "^7.16.4", "@vue/shared": "3.2.38", "estree-walker": "^2.0.2", "source-map": "^0.6.1" } }, "sha512-/FsvnSu7Z+lkd/8KXMa4yYNUiqQrI22135gfsQYVGuh5tqEgOB0XqrUdb/KnCLa5+TmQLPwvyUnKMyCpu+SX3Q=="],

    "@vue/compiler-dom": ["@vue/compiler-dom@3.2.38", "", { "dependencies": { "@vue/compiler-core": "3.2.38", "@vue/shared": "3.2.38" } }, "sha512-zqX4FgUbw56kzHlgYuEEJR8mefFiiyR3u96498+zWPsLeh1WKvgIReoNE+U7gG8bCUdvsrJ0JRmev0Ky6n2O0g=="],

    "@vue/compiler-sfc": ["@vue/compiler-sfc@3.2.38", "", { "dependencies": { "@babel/parser": "^7.16.4", "@vue/compiler-core": "3.2.38", "@vue/compiler-dom": "3.2.38", "@vue/compiler-ssr": "3.2.38", "@vue/reactivity-transform": "3.2.38", "@vue/shared": "3.2.38", "estree-walker": "^2.0.2", "magic-string": "^0.25.7", "postcss": "^8.1.10", "source-map": "^0.6.1" } }, "sha512-KZjrW32KloMYtTcHAFuw3CqsyWc5X6seb8KbkANSWt3Cz9p2qA8c1GJpSkksFP9ABb6an0FLCFl46ZFXx3kKpg=="],

    "@vue/compiler-ssr": ["@vue/compiler-ssr@3.2.38", "", { "dependencies": { "@vue/compiler-dom": "3.2.38", "@vue/shared": "3.2.38" } }, "sha512-bm9jOeyv1H3UskNm4S6IfueKjUNFmi2kRweFIGnqaGkkRePjwEcfCVqyS3roe7HvF4ugsEkhf4+kIvDhip6XzQ=="],

    "@vue/devtools-api": ["@vue/devtools-api@6.2.1", "", {}, "sha512-OEgAMeQXvCoJ+1x8WyQuVZzFo0wcyCmUR3baRVLmKBo1LmYZWMlRiXlux5jd0fqVJu6PfDbOrZItVqUEzLobeQ=="],

    "@vue/reactivity": ["@vue/reactivity@3.2.38", "", { "dependencies": { "@vue/shared": "3.2.38" } }, "sha512-6L4myYcH9HG2M25co7/BSo0skKFHpAN8PhkNPM4xRVkyGl1K5M3Jx4rp5bsYhvYze2K4+l+pioN4e6ZwFLUVtw=="],

    "@vue/reactivity-transform": ["@vue/reactivity-transform@3.2.38", "", { "dependencies": { "@babel/parser": "^7.16.4", "@vue/compiler-core": "3.2.38", "@vue/shared": "3.2.38", "estree-walker": "^2.0.2", "magic-string": "^0.25.7" } }, "sha512-3SD3Jmi1yXrDwiNJqQ6fs1x61WsDLqVk4NyKVz78mkaIRh6d3IqtRnptgRfXn+Fzf+m6B1KxBYWq1APj6h4qeA=="],

    "@vue/runtime-core": ["@vue/runtime-core@3.2.38", "", { "dependencies": { "@vue/reactivity": "3.2.38", "@vue/shared": "3.2.38" } }, "sha512-kk0qiSiXUU/IKxZw31824rxmFzrLr3TL6ZcbrxWTKivadoKupdlzbQM4SlGo4MU6Zzrqv4fzyUasTU1jDoEnzg=="],

    "@vue/runtime-dom": ["@vue/runtime-dom@3.2.38", "", { "dependencies": { "@vue/runtime-core": "3.2.38", "@vue/shared": "3.2.38", "csstype": "^2.6.8" } }, "sha512-4PKAb/ck2TjxdMSzMsnHViOrrwpudk4/A56uZjhzvusoEU9xqa5dygksbzYepdZeB5NqtRw5fRhWIiQlRVK45A=="],

    "@vue/server-renderer": ["@vue/server-renderer@3.2.38", "", { "dependencies": { "@vue/compiler-ssr": "3.2.38", "@vue/shared": "3.2.38" }, "peerDependencies": { "vue": "3.2.38" } }, "sha512-pg+JanpbOZ5kEfOZzO2bt02YHd+ELhYP8zPeLU1H0e7lg079NtuuSB8fjLdn58c4Ou8UQ6C1/P+528nXnLPAhA=="],

    "@vue/shared": ["@vue/shared@3.2.38", "", {}, "sha512-dTyhTIRmGXBjxJE+skC8tTWCGLCVc4wQgRRLt8+O9p5ewBAjoBwtCAkLPrtToSr1xltoe3st21Pv953aOZ7alg=="],

    "acorn": ["acorn@8.8.0", "", { "bin": "bin/acorn" }, "sha512-QOxyigPVrpZ2GXT+PFyZTl6TtOFc5egxHIP9IlQ+RbupQuX4RkT/Bee4/kQuC02Xkzg84JcT7oLYtDIQxp+v7w=="],

    "anymatch": ["anymatch@3.1.2", "", { "dependencies": { "normalize-path": "^3.0.0", "picomatch": "^2.0.4" } }, "sha512-P43ePfOAIupkguHUycrc4qJ9kz8ZiuOUijaETwX7THt0Y/GNK7v0aa8rY816xWjZ7rJdA5XdMcpVFTKMq+RvWg=="],

    "balanced-match": ["balanced-match@1.0.2", "", {}, "sha512-3oSeUO0TMV67hN1AmbXsK4yaqU7tjiHlbxRDZOpH0KW9+CeX4bRAaX0Anxt0tx2MrpRpWwQaPwIlISEJhYU5Pw=="],

    "binary-extensions": ["binary-extensions@2.2.0", "", {}, "sha512-jDctJ/IVQbZoJykoeHbhXpOlNBqGNcwXJKJog42E5HDPUwQTSdjCHdihjj0DlnheQ7blbT6dHOafNAiS8ooQKA=="],

    "brace-expansion": ["brace-expansion@2.0.1", "", { "dependencies": { "balanced-match": "^1.0.0" } }, "sha512-XnAIvQ8eM+kC6aULx6wuQiwVsnzsi9d3WxzV3FpWTGA19F621kwdbsAcFKXgKUHZWsy+mY6iL1sHTxWEFCytDA=="],

    "braces": ["braces@3.0.2", "", { "dependencies": { "fill-range": "^7.0.1" } }, "sha512-b8um+L1RzM3WDSzvhm6gIz1yfTbBt6YTlcEKAvsmqCZZFw46z626lVj9j1yEPW33H5H+lBQpZMP1k8l+78Ha0A=="],

    "chokidar": ["chokidar@3.5.3", "", { "dependencies": { "anymatch": "~3.1.2", "braces": "~3.0.2", "glob-parent": "~5.1.2", "is-binary-path": "~2.1.0", "is-glob": "~4.0.1", "normalize-path": "~3.0.0", "readdirp": "~3.6.0" }, "optionalDependencies": { "fsevents": "~2.3.2" } }, "sha512-Dr3sfKRP6oTcjf2JmUmFJfeVMvXBdegxB0iVQ5eb2V10uFJUCAS8OByZdVAyVb8xXNz3GjjTgj9kLWsZTqE6kw=="],

    "core-js": ["core-js@3.25.0", "", {}, "sha512-CVU1xvJEfJGhyCpBrzzzU1kjCfgsGUxhEvwUV2e/cOedYWHdmluamx+knDnmhqALddMG16fZvIqvs9aijsHHaA=="],

    "csstype": ["csstype@2.6.20", "", {}, "sha512-/WwNkdXfckNgw6S5R125rrW8ez139lBHWouiBvX8dfMFtcn6V81REDqnH7+CRpRipfYlyU1CmOnOxrmGcFOjeA=="],

    "debug": ["debug@4.3.4", "", { "dependencies": { "ms": "2.1.2" } }, "sha512-PRWFHuSU3eDtQJPvnNY7Jcket1j0t5OuOsFzPPzsekD52Zl8qUfFIPEiswXqIvHWGVHOgX+7G/vCNNhehwxfkQ=="],

    "esbuild": ["esbuild@0.15.7", "", { "optionalDependencies": { "@esbuild/linux-loong64": "0.15.7", "esbuild-android-64": "0.15.7", "esbuild-android-arm64": "0.15.7", "esbuild-darwin-64": "0.15.7", "esbuild-darwin-arm64": "0.15.7", "esbuild-freebsd-64": "0.15.7", "esbuild-freebsd-arm64": "0.15.7", "esbuild-linux-32": "0.15.7", "esbuild-linux-64": "0.15.7", "esbuild-linux-arm": "0.15.7", "esbuild-linux-arm64": "0.15.7", "esbuild-linux-mips64le": "0.15.7", "esbuild-linux-ppc64le": "0.15.7", "esbuild-linux-riscv64": "0.15.7", "esbuild-linux-s390x": "0.15.7", "esbuild-netbsd-64": "0.15.7", "esbuild-openbsd-64": "0.15.7", "esbuild-sunos-64": "0.15.7", "esbuild-windows-32": "0.15.7", "esbuild-windows-64": "0.15.7", "esbuild-windows-arm64": "0.15.7" }, "bin": "bin/esbuild" }, "sha512-7V8tzllIbAQV1M4QoE52ImKu8hT/NLGlGXkiDsbEU5PS6K8Mn09ZnYoS+dcmHxOS9CRsV4IRAMdT3I67IyUNXw=="],

    "esbuild-android-64": ["esbuild-android-64@0.15.7", "", { "os": "android", "cpu": "x64" }, "sha512-p7rCvdsldhxQr3YHxptf1Jcd86dlhvc3EQmQJaZzzuAxefO9PvcI0GLOa5nCWem1AJ8iMRu9w0r5TG8pHmbi9w=="],

    "esbuild-android-arm64": ["esbuild-android-arm64@0.15.7", "", { "os": "android", "cpu": "arm64" }, "sha512-L775l9ynJT7rVqRM5vo+9w5g2ysbOCfsdLV4CWanTZ1k/9Jb3IYlQ06VCI1edhcosTYJRECQFJa3eAvkx72eyQ=="],

    "esbuild-darwin-64": ["esbuild-darwin-64@0.15.7", "", { "os": "darwin", "cpu": "x64" }, "sha512-KGPt3r1c9ww009t2xLB6Vk0YyNOXh7hbjZ3EecHoVDxgtbUlYstMPDaReimKe6eOEfyY4hBEEeTvKwPsiH5WZg=="],

    "esbuild-darwin-arm64": ["esbuild-darwin-arm64@0.15.7", "", { "os": "darwin", "cpu": "arm64" }, "sha512-kBIHvtVqbSGajN88lYMnR3aIleH3ABZLLFLxwL2stiuIGAjGlQW741NxVTpUHQXUmPzxi6POqc9npkXa8AcSZQ=="],

    "esbuild-freebsd-64": ["esbuild-freebsd-64@0.15.7", "", { "os": "freebsd", "cpu": "x64" }, "sha512-hESZB91qDLV5MEwNxzMxPfbjAhOmtfsr9Wnuci7pY6TtEh4UDuevmGmkUIjX/b+e/k4tcNBMf7SRQ2mdNuK/HQ=="],

    "esbuild-freebsd-arm64": ["esbuild-freebsd-arm64@0.15.7", "", { "os": "freebsd", "cpu": "arm64" }, "sha512-dLFR0ChH5t+b3J8w0fVKGvtwSLWCv7GYT2Y2jFGulF1L5HftQLzVGN+6pi1SivuiVSmTh28FwUhi9PwQicXI6Q=="],

    "esbuild-linux-32": ["esbuild-linux-32@0.15.7", "", { "os": "linux", "cpu": "ia32" }, "sha512-v3gT/LsONGUZcjbt2swrMjwxo32NJzk+7sAgtxhGx1+ZmOFaTRXBAi1PPfgpeo/J//Un2jIKm/I+qqeo4caJvg=="],

    "esbuild-linux-64": ["esbuild-linux-64@0.15.7", "", { "os": "linux", "cpu": "x64" }, "sha512-LxXEfLAKwOVmm1yecpMmWERBshl+Kv5YJ/1KnyAr6HRHFW8cxOEsEfisD3sVl/RvHyW//lhYUVSuy9jGEfIRAQ=="],

    "esbuild-linux-arm": ["esbuild-linux-arm@0.15.7", "", { "os": "linux", "cpu": "arm" }, "sha512-JKgAHtMR5f75wJTeuNQbyznZZa+pjiUHV7sRZp42UNdyXC6TiUYMW/8z8yIBAr2Fpad8hM1royZKQisqPABPvQ=="],

    "esbuild-linux-arm64": ["esbuild-linux-arm64@0.15.7", "", { "os": "linux", "cpu": "arm64" }, "sha512-P3cfhudpzWDkglutWgXcT2S7Ft7o2e3YDMrP1n0z2dlbUZghUkKCyaWw0zhp4KxEEzt/E7lmrtRu/pGWnwb9vw=="],

    "esbuild-linux-mips64le": ["esbuild-linux-mips64le@0.15.7", "", { "os": "linux", "cpu": "none" }, "sha512-T7XKuxl0VpeFLCJXub6U+iybiqh0kM/bWOTb4qcPyDDwNVhLUiPcGdG2/0S7F93czUZOKP57YiLV8YQewgLHKw=="],

    "esbuild-linux-ppc64le": ["esbuild-linux-ppc64le@0.15.7", "", { "os": "linux", "cpu": "ppc64" }, "sha512-6mGuC19WpFN7NYbecMIJjeQgvDb5aMuvyk0PDYBJrqAEMkTwg3Z98kEKuCm6THHRnrgsdr7bp4SruSAxEM4eJw=="],

    "esbuild-linux-riscv64": ["esbuild-linux-riscv64@0.15.7", "", { "os": "linux", "cpu": "none" }, "sha512-uUJsezbswAYo/X7OU/P+PuL/EI9WzxsEQXDekfwpQ23uGiooxqoLFAPmXPcRAt941vjlY9jtITEEikWMBr+F/g=="],

    "esbuild-linux-s390x": ["esbuild-linux-s390x@0.15.7", "", { "os": "linux", "cpu": "s390x" }, "sha512-+tO+xOyTNMc34rXlSxK7aCwJgvQyffqEM5MMdNDEeMU3ss0S6wKvbBOQfgd5jRPblfwJ6b+bKiz0g5nABpY0QQ=="],

    "esbuild-netbsd-64": ["esbuild-netbsd-64@0.15.7", "", { "os": "none", "cpu": "x64" }, "sha512-yVc4Wz+Pu3cP5hzm5kIygNPrjar/v5WCSoRmIjCPWfBVJkZNb5brEGKUlf+0Y759D48BCWa0WHrWXaNy0DULTQ=="],

    "esbuild-openbsd-64": ["esbuild-openbsd-64@0.15.7", "", { "os": "openbsd", "cpu": "x64" }, "sha512-GsimbwC4FSR4lN3wf8XmTQ+r8/0YSQo21rWDL0XFFhLHKlzEA4SsT1Tl8bPYu00IU6UWSJ+b3fG/8SB69rcuEQ=="],

    "esbuild-sunos-64": ["esbuild-sunos-64@0.15.7", "", { "os": "sunos", "cpu": "x64" }, "sha512-8CDI1aL/ts0mDGbWzjEOGKXnU7p3rDzggHSBtVryQzkSOsjCHRVe0iFYUuhczlxU1R3LN/E7HgUO4NXzGGP/Ag=="],

    "esbuild-windows-32": ["esbuild-windows-32@0.15.7", "", { "os": "win32", "cpu": "ia32" }, "sha512-cOnKXUEPS8EGCzRSFa1x6NQjGhGsFlVgjhqGEbLTPsA7x4RRYiy2RKoArNUU4iR2vHmzqS5Gr84MEumO/wxYKA=="],

    "esbuild-windows-64": ["esbuild-windows-64@0.15.7", "", { "os": "win32", "cpu": "x64" }, "sha512-7MI08Ec2sTIDv+zH6StNBKO+2hGUYIT42GmFyW6MBBWWtJhTcQLinKS6ldIN1d52MXIbiJ6nXyCJ+LpL4jBm3Q=="],

    "esbuild-windows-arm64": ["esbuild-windows-arm64@0.15.7", "", { "os": "win32", "cpu": "arm64" }, "sha512-R06nmqBlWjKHddhRJYlqDd3Fabx9LFdKcjoOy08YLimwmsswlFBJV4rXzZCxz/b7ZJXvrZgj8DDv1ewE9+StMw=="],

    "estree-walker": ["estree-walker@2.0.2", "", {}, "sha512-Rfkk/Mp/DL7JVje3u18FxFujQlTNR2q6QfMSMB7AvCBx91NGj/ba3kCfza0f6dVDbw7YlRf/nDrn7pQrCCyQ/w=="],

    "fast-glob": ["fast-glob@3.2.11", "", { "dependencies": { "@nodelib/fs.stat": "^2.0.2", "@nodelib/fs.walk": "^1.2.3", "glob-parent": "^5.1.2", "merge2": "^1.3.0", "micromatch": "^4.0.4" } }, "sha512-xrO3+1bxSo3ZVHAnqzyuewYT6aMFHRAd4Kcs92MAonjwQZLsK9d0SF1IyQ3k5PoirxTW0Oe/RqFgMQ6TcNE5Ew=="],

    "fastq": ["fastq@1.13.0", "", { "dependencies": { "reusify": "^1.0.4" } }, "sha512-YpkpUnK8od0o1hmeSc7UUs/eB/vIPWJYjKck2QKIzAf71Vm1AAQ3EbuZB3g2JIy+pg+ERD0vqI79KyZiB2e2Nw=="],

    "fill-range": ["fill-range@7.0.1", "", { "dependencies": { "to-regex-range": "^5.0.1" } }, "sha512-qOo9F+dMUmC2Lcb4BbVvnKJxTPjCm+RRpe4gDuGrzkL7mEVl/djYSu2OdQ2Pa302N4oqkSg9ir6jaLWJ2USVpQ=="],

    "fsevents": ["fsevents@2.3.2", "", { "os": "darwin" }, "sha512-xiqMQR4xAeHTuB9uWm+fFRcIOgKBMiOBP+eXiyT7jsgVCq1bkVygt00oASowB7EdtpOHaaPgKt812P9ab+DDKA=="],

    "function-bind": ["function-bind@1.1.1", "", {}, "sha512-yIovAzMX49sF8Yl58fSCWJ5svSLuaibPxXQJFLmBObTuCr0Mf1KiPopGM9NiFjiYBCbfaa2Fh6breQ6ANVTI0A=="],

    "glob-parent": ["glob-parent@5.1.2", "", { "dependencies": { "is-glob": "^4.0.1" } }, "sha512-AOIgSQCepiJYwP3ARnGx+5VnTu2HBYdzbGP45eLw1vr3zB3vZLeyed1sC9hnbcOc9/SrMyM5RPQrkGz4aS9Zow=="],

    "has": ["has@1.0.3", "", { "dependencies": { "function-bind": "^1.1.1" } }, "sha512-f2dvO0VU6Oej7RkWJGrehjbzMAjFp5/VKPp5tTpWIV4JHHZK1/BxbFRtf/siA2SWTe09caDmVtYYzWEIbBS4zw=="],

    "is-binary-path": ["is-binary-path@2.1.0", "", { "dependencies": { "binary-extensions": "^2.0.0" } }, "sha512-ZMERYes6pDydyuGidse7OsHxtbI7WVeUEozgR/g7rd0xUimYNlvZRE/K2MgZTjWy725IfelLeVcEM97mmtRGXw=="],

    "is-core-module": ["is-core-module@2.10.0", "", { "dependencies": { "has": "^1.0.3" } }, "sha512-Erxj2n/LDAZ7H8WNJXd9tw38GYM3dv8rk8Zcs+jJuxYTW7sozH+SS8NtrSjVL1/vpLvWi1hxy96IzjJ3EHTJJg=="],

    "is-extglob": ["is-extglob@2.1.1", "", {}, "sha512-SbKbANkN603Vi4jEZv49LeVJMn4yGwsbzZworEoyEiutsN3nJYdbO36zfhGJ6QEDpOZIFkDtnq5JRxmvl3jsoQ=="],

    "is-glob": ["is-glob@4.0.3", "", { "dependencies": { "is-extglob": "^2.1.1" } }, "sha512-xelSayHH36ZgE7ZWhli7pW34hNbNl8Ojv5KVmkJD4hBdD3th8Tfk9vYasLM+mXWOZhFkgZfxhLSnrwRr4elSSg=="],

    "is-number": ["is-number@7.0.0", "", {}, "sha512-41Cifkg6e8TylSpdtTpeLVMqvSBEVzTttHvERD741+pnZ8ANv0004MRL43QKPDlK9cGvNp6NZWZUBlbGXYxxng=="],

    "local-pkg": ["local-pkg@0.4.2", "", {}, "sha512-mlERgSPrbxU3BP4qBqAvvwlgW4MTg78iwJdGGnv7kibKjWcJksrG3t6LB5lXI93wXRDvG4NpUgJFmTG4T6rdrg=="],

    "lodash": ["lodash@4.17.21", "", {}, "sha512-v2kDEe57lecTulaDIuNTPy3Ry4gLGJ6Z1O3vE1krgXZNrsQ+LFTGHVxVjcXPs17LhbZVGedAJv8XZ1tvj5FvSg=="],

    "magic-string": ["magic-string@0.26.3", "", { "dependencies": { "sourcemap-codec": "^1.4.8" } }, "sha512-u1Po0NDyFcwdg2nzHT88wSK0+Rih0N1M+Ph1Sp08k8yvFFU3KR72wryS7e1qMPJypt99WB7fIFVCA92mQrMjrg=="],

    "mdb-vue-ui-kit": ["mdb-vue-ui-kit@3.0.0", "", {}, "sha512-sSsDe5PQnJjr2BXWOk24SMnrFun+TidTnx8VtRX9Y1q2GJ/PFgrC4fQ829MeVRzQ+v1tL3FtWBRn53OYnnWrGA=="],

    "merge2": ["merge2@1.4.1", "", {}, "sha512-8q7VEgMJW4J8tcfVPy8g09NcQwZdbwFEqhe/WZkoIzjn/3TGDwtOCYtXGxA3O8tPzpczCCDgv+P2P5y00ZJOOg=="],

    "micromatch": ["micromatch@4.0.5", "", { "dependencies": { "braces": "^3.0.2", "picomatch": "^2.3.1" } }, "sha512-DMy+ERcEW2q8Z2Po+WNXuw3c5YaUSFjAO5GsJqfEl7UjvtIuFKO6ZrKvcItdy98dwFI2N1tg3zNIdKaQT+aNdA=="],

    "minimatch": ["minimatch@5.1.0", "", { "dependencies": { "brace-expansion": "^2.0.1" } }, "sha512-9TPBGGak4nHfGZsPBohm9AWg6NoT7QTCehS3BIJABslyZbzxfV78QM2Y6+i741OPZIafFAaiiEMh5OyIrJPgtg=="],

    "ms": ["ms@2.1.2", "", {}, "sha512-sGkPx+VjMtmA6MX27oA4FBFELFCZZ4S4XqeGOXCv68tT+jb3vk/RyaKWP0PTKyWtmLSM0b+adUTEvbs1PEaH2w=="],

    "nanoid": ["nanoid@3.3.4", "", { "bin": "bin/nanoid.cjs" }, "sha512-MqBkQh/OHTS2egovRtLk45wEyNXwF+cokD+1YPf9u5VfJiRdAiRwB2froX5Co9Rh20xs4siNPm8naNotSD6RBw=="],

    "normalize-path": ["normalize-path@3.0.0", "", {}, "sha512-6eZs5Ls3WtCisHWp9S2GUy8dqkpGi4BVSz3GaqiE6ezub0512ESztXUwUB6C6IKbQkY2Pnb/mD4WYojCRwcwLA=="],

    "path-parse": ["path-parse@1.0.7", "", {}, "sha512-LDJzPVEEEPR+y48z93A0Ed0yXb8pAByGWo/k5YYdYgpY2/2EsOsksJrq7lOHxryrVOn1ejG6oAp8ahvOIQD8sw=="],

    "picocolors": ["picocolors@1.0.0", "", {}, "sha512-1fygroTLlHu66zi26VoTDv8yRgm0Fccecssto+MhsZ0D/DGW2sm8E8AjW7NU5VVTRt5GxbeZ5qBuJr+HyLYkjQ=="],

    "picomatch": ["picomatch@2.3.1", "", {}, "sha512-JU3teHTNjmE2VCGFzuY8EXzCDVwEqB2a8fsIvwaStHhAWJEeVd1o1QD80CU6+ZdEXXSLbSsuLwJjkCBWqRQUVA=="],

    "pinia": ["pinia@2.0.22", "", { "dependencies": { "@vue/devtools-api": "^6.2.1", "vue-demi": "*" }, "peerDependencies": { "@vue/composition-api": "^1.4.0", "typescript": ">=4.4.4", "vue": "^2.6.14 || ^3.2.0" }, "optionalPeers": ["@vue/composition-api", "typescript"] }, "sha512-u+b8/BC+tmvo3ACbYO2w5NfxHWFOjvvw9DQnyT0dW8aUMCPRQT5QnfZ5R5W2MzZBMTeZRMQI7V/QFbafmM9QHw=="],

    "postcss": ["postcss@8.4.16", "", { "dependencies": { "nanoid": "^3.3.4", "picocolors": "^1.0.0", "source-map-js": "^1.0.2" } }, "sha512-ipHE1XBvKzm5xI7hiHCZJCSugxvsdq2mPnsq5+UF+VHCjiBvtDrlxJfMBToWaP9D5XlgNmcFGqoHmUn0EYEaRQ=="],

    "queue-microtask": ["queue-microtask@1.2.3", "", {}, "sha512-NuaNSa6flKT5JaSYQzJok04JzTL1CA6aGhv5rfLW3PgqA+M2ChpZQnAC8h8i4ZFkBS8X5RqkDBHA7r4hej3K9A=="],

    "readdirp": ["readdirp@3.6.0", "", { "dependencies": { "picomatch": "^2.2.1" } }, "sha512-hOS089on8RduqdbhvQ5Z37A0ESjsqz6qnRcffsMU3495FuTdqSm+7bhJ29JvIOsBDEEnan5DPu9t3To9VRlMzA=="],

    "resolve": ["resolve@1.22.1", "", { "dependencies": { "is-core-module": "^2.9.0", "path-parse": "^1.0.7", "supports-preserve-symlinks-flag": "^1.0.0" }, "bin": "bin/resolve" }, "sha512-nBpuuYuY5jFsli/JIs1oldw6fOQCBioohqWZg/2hiaOybXOft4lonv85uDOKXdf8rhyK159cxU5cDcK/NKk8zw=="],

    "reusify": ["reusify@1.0.4", "", {}, "sha512-U9nH88a3fc/ekCF1l0/UP1IosiuIjyTh7hBvXVMHYgVcfGvt897Xguj2UOLDeI5BG2m7/uwyaLVT6fbtCwTyzw=="],

    "rollup": ["rollup@2.78.1", "", { "optionalDependencies": { "fsevents": "~2.3.2" }, "bin": "dist/bin/rollup" }, "sha512-VeeCgtGi4P+o9hIg+xz4qQpRl6R401LWEXBmxYKOV4zlF82lyhgh2hTZnheFUbANE8l2A41F458iwj2vEYaXJg=="],

    "run-parallel": ["run-parallel@1.2.0", "", { "dependencies": { "queue-microtask": "^1.2.2" } }, "sha512-5l4VyZR86LZ/lDxZTR6jqL8AFE2S0IFLMP26AbjsLVADxHdhB/c0GUsH+y39UfCi3dzz8OlQuPmnaJOMoDHQBA=="],

    "source-map": ["source-map@0.6.1", "", {}, "sha512-UjgapumWlbMhkBgzT7Ykc5YXUT46F0iKu8SGXq0bcwP5dz/h0Plj6enJqjz1Zbq2l5WaqYnrVbwWOWMyF3F47g=="],

    "source-map-js": ["source-map-js@1.0.2", "", {}, "sha512-R0XvVJ9WusLiqTCEiGCmICCMplcCkIwwR11mOSD9CR5u+IXYdiseeEuXCVAjS54zqwkLcPNnmU4OeJ6tUrWhDw=="],

    "sourcemap-codec": ["sourcemap-codec@1.4.8", "", {}, "sha512-9NykojV5Uih4lgo5So5dtw+f0JgJX30KCNI8gwhz2J9A15wD0Ml6tjHKwf6fTSa6fAdVBdZeNOs9eJ71qCk8vA=="],

    "supports-preserve-symlinks-flag": ["supports-preserve-symlinks-flag@1.0.0", "", {}, "sha512-ot0WnXS9fgdkgIcePe6RHNk1WA8+muPa6cSjeR3V8K27q9BB1rTE3R1p7Hv0z1ZyAc8s6Vvv8DIyWf681MAt0w=="],

    "to-regex-range": ["to-regex-range@5.0.1", "", { "dependencies": { "is-number": "^7.0.0" } }, "sha512-65P7iz6X5yEr1cwcgvQxbbIw7Uk3gOy5dIdtZ4rDveLqhrdJP+Li/Hx6tyK0NEb+2GCyneCMJiGqrADCSNk8sQ=="],

    "unplugin": ["unplugin@0.9.5", "", { "dependencies": { "acorn": "^8.8.0", "chokidar": "^3.5.3", "webpack-sources": "^3.2.3", "webpack-virtual-modules": "^0.4.4" }, "peerDependencies": { "esbuild": ">=0.13", "rollup": "^2.50.0", "vite": "^2.3.0 || ^3.0.0-0", "webpack": "4 || 5" }, "optionalPeers": ["webpack"] }, "sha512-luraheyfxwtvkvHpsOvMNv7IjLdORTWKZp0gWYNHGLi2ImON3iIZOj464qEyyEwLA/EMt12fC415HW9zRpOfTg=="],

    "unplugin-vue-components": ["unplugin-vue-components@0.22.4", "", { "dependencies": { "@antfu/utils": "^0.5.2", "@rollup/pluginutils": "^4.2.1", "chokidar": "^3.5.3", "debug": "^4.3.4", "fast-glob": "^3.2.11", "local-pkg": "^0.4.2", "magic-string": "^0.26.2", "minimatch": "^5.1.0", "resolve": "^1.22.1", "unplugin": "^0.9.0" }, "peerDependencies": { "@babel/parser": "^7.15.8", "vue": "2 || 3" } }, "sha512-2rRZcM9OnJGXnYxQNfaceEYuPeVACcWySIjy8WBwIiN3onr980TmA3XE5pRJFt8zoQrUA+c46oyIq96noLqrEQ=="],

    "vite": ["vite@3.1.0", "", { "dependencies": { "esbuild": "^0.15.6", "postcss": "^8.4.16", "resolve": "^1.22.1", "rollup": "~2.78.0" }, "optionalDependencies": { "fsevents": "~2.3.2" }, "peerDependencies": { "less": "*", "sass": "*", "stylus": "*", "terser": "^5.4.0" }, "optionalPeers": ["less", "sass", "stylus", "terser"], "bin": "bin/vite.js" }, "sha512-YBg3dUicDpDWFCGttmvMbVyS9ydjntwEjwXRj2KBFwSB8SxmGcudo1yb8FW5+M/G86aS8x828ujnzUVdsLjs9g=="],

    "vue": ["vue@3.2.38", "", { "dependencies": { "@vue/compiler-dom": "3.2.38", "@vue/compiler-sfc": "3.2.38", "@vue/runtime-dom": "3.2.38", "@vue/server-renderer": "3.2.38", "@vue/shared": "3.2.38" } }, "sha512-hHrScEFSmDAWL0cwO4B6WO7D3sALZPbfuThDsGBebthrNlDxdJZpGR3WB87VbjpPh96mep1+KzukYEhpHDFa8Q=="],

    "vue-demi": ["vue-demi@0.13.11", "", { "peerDependencies": { "@vue/composition-api": "^1.0.0-rc.1", "vue": "^3.0.0-0 || ^2.6.0" }, "optionalPeers": ["@vue/composition-api"], "bin": { "vue-demi-fix": "bin/vue-demi-fix.js", "vue-demi-switch": "bin/vue-demi-switch.js" } }, "sha512-IR8HoEEGM65YY3ZJYAjMlKygDQn25D5ajNFNoKh9RSDMQtlzCxtfQjdQgv9jjK+m3377SsJXY8ysq8kLCZL25A=="],

    "vue-router": ["vue-router@4.1.5", "", { "dependencies": { "@vue/devtools-api": "^6.1.4" }, "peerDependencies": { "vue": "^3.2.0" } }, "sha512-IsvoF5D2GQ/EGTs/Th4NQms9gd2NSqV+yylxIyp/OYp8xOwxmU8Kj/74E9DTSYAyH5LX7idVUngN3JSj1X4xcQ=="],

    "webpack-sources": ["webpack-sources@3.2.3", "", {}, "sha512-/DyMEOrDgLKKIG0fmvtz+4dUX/3Ghozwgm6iPp8KRhvn+eQf9+Q7GWxVNMk3+uCPWfdXYC4ExGBckIXdFEfH1w=="],

    "webpack-virtual-modules": ["webpack-virtual-modules@0.4.4", "", {}, "sha512-h9atBP/bsZohWpHnr+2sic8Iecb60GxftXsWNLLLSqewgIsGzByd2gcIID4nXcG+3tNe4GQG3dLcff3kXupdRA=="],

    "@vue/compiler-sfc/magic-string": ["magic-string@0.25.9", "", { "dependencies": { "sourcemap-codec": "^1.4.8" } }, "sha512-RmF0AsMzgt25qzqqLc1+MbHmhdx0ojF2Fvs4XnOqz2ZOBXzzkEwc/dJQZCYHAn7v1jbVOjAZfK8msRn4BxO4VQ=="],

    "@vue/reactivity-transform/magic-string": ["magic-string@0.25.9", "", { "dependencies": { "sourcemap-codec": "^1.4.8" } }, "sha512-RmF0AsMzgt25qzqqLc1+MbHmhdx0ojF2Fvs4XnOqz2ZOBXzzkEwc/dJQZCYHAn7v1jbVOjAZfK8msRn4BxO4VQ=="],
  }
}
